
Microsoft Visual Studio Solution File, Format Version 12.00
# Visual Studio Version 17
VisualStudioVersion = 17.3.32825.248
MinimumVisualStudioVersion = 10.0.40219.1
Project("{9A19103F-16F7-4668-BE54-9A1E7A4F7556}") = "Fido2SimpleSample", "Fido2SimpleSample\Fido2SimpleSample.csproj", "{BA5FF2B0-88D4-4EDF-B73E-ADACCB352D7F}"
EndProject
Global
	GlobalSection(SolutionConfigurationPlatforms) = preSolution
		Debug|Any CPU = Debug|Any CPU
		Release|Any CPU = Release|Any CPU
	EndGlobalSection
	GlobalSection(ProjectConfigurationPlatforms) = postSolution
		{BA5FF2B0-88D4-4EDF-B73E-ADACCB352D7F}.Debug|Any CPU.ActiveCfg = Debug|Any CPU
		{BA5FF2B0-88D4-4EDF-B73E-ADACCB352D7F}.Debug|Any CPU.Build.0 = Debug|Any CPU
		{BA5FF2B0-88D4-4EDF-B73E-ADACCB352D7F}.Release|Any CPU.ActiveCfg = Release|Any CPU
		{BA5FF2B0-88D4-4EDF-B73E-ADACCB352D7F}.Release|Any CPU.Build.0 = Release|Any CPU
	EndGlobalSection
	GlobalSection(SolutionProperties) = preSolution
		HideSolutionNode = FALSE
	EndGlobalSection
	GlobalSection(ExtensibilityGlobals) = postSolution
		SolutionGuid = {C653BFC5-7DA4-4D7A-9079-127904C7C032}
	EndGlobalSection
EndGlobal
